
Microsoft Visual Studio Solution File, Format Version 12.00
# Visual Studio Version 16
VisualStudioVersion = 16.0.31205.134
MinimumVisualStudioVersion = 10.0.40219.1
Project("{8BC9CEB8-8B4A-11D0-8D11-00A0C91BC942}") = "C Base", "C Base.vcxproj", "{C016FBAA-12DA-4664-B0AB-41093C8F6ADD}"
EndProject
Global
	GlobalSection(SolutionConfigurationPlatforms) = preSolution
		Debug|x64 = Debug|x64
		Debug|x86 = Debug|x86
		Release|x64 = Release|x64
		Release|x86 = Release|x86
	EndGlobalSection
	GlobalSection(ProjectConfigurationPlatforms) = postSolution
		{C016FBAA-12DA-4664-B0AB-41093C8F6ADD}.Debug|x64.ActiveCfg = Debug|x64
		{C016FBAA-12DA-4664-B0AB-41093C8F6ADD}.Debug|x64.Build.0 = Debug|x64
		{C016FBAA-12DA-4664-B0AB-41093C8F6ADD}.Debug|x86.ActiveCfg = Debug|Win32
		{C016FBAA-12DA-4664-B0AB-41093C8F6ADD}.Debug|x86.Build.0 = Debug|Win32
		{C016FBAA-12DA-4664-B0AB-41093C8F6ADD}.Release|x64.ActiveCfg = Release|x64
		{C016FBAA-12DA-4664-B0AB-41093C8F6ADD}.Release|x64.Build.0 = Release|x64
		{C016FBAA-12DA-4664-B0AB-41093C8F6ADD}.Release|x86.ActiveCfg = Release|Win32
		{C016FBAA-12DA-4664-B0AB-41093C8F6ADD}.Release|x86.Build.0 = Release|Win32
	EndGlobalSection
	GlobalSection(SolutionProperties) = preSolution
		HideSolutionNode = FALSE
	EndGlobalSection
	GlobalSection(ExtensibilityGlobals) = postSolution
		SolutionGuid = {1692F710-1085-4A56-BF1B-C96EF3496F8D}
	EndGlobalSection
EndGlobal
